
Microsoft Visual Studio Solution File, Format Version 12.00
# Visual Studio Version 16
VisualStudioVersion = 16.0.30114.105
MinimumVisualStudioVersion = 10.0.40219.1
Project("{FAE04EC0-301F-11D3-BF4B-00C04F79EFBC}") = "Model", "Model\Model.csproj", "{B260C479-4714-4656-8D24-7E0F16FE74BA}"
EndProject
Project("{FAE04EC0-301F-11D3-BF4B-00C04F79EFBC}") = "Enums", "Enums\Enums.csproj", "{C81D9633-2060-4BFA-B3F4-99351B49D570}"
EndProject
Project("{FAE04EC0-301F-11D3-BF4B-00C04F79EFBC}") = "DTO", "DTO\DTO.csproj", "{19B3007B-F907-41B4-B926-CEE4EAF32437}"
EndProject
Project("{FAE04EC0-301F-11D3-BF4B-00C04F79EFBC}") = "Interfaces", "Interfaces\Interfaces.csproj", "{FE35FE29-BC15-4818-8BA1-C3DFD19624A1}"
EndProject
Project("{FAE04EC0-301F-11D3-BF4B-00C04F79EFBC}") = "testesAutomatizados", "testesAutomatizados\testesAutomatizados.csproj", "{BCDF79ED-C68E-49D1-915A-AAD011B5A6C7}"
EndProject
Global
	GlobalSection(SolutionConfigurationPlatforms) = preSolution
		Debug|Any CPU = Debug|Any CPU
		Release|Any CPU = Release|Any CPU
	EndGlobalSection
	GlobalSection(SolutionProperties) = preSolution
		HideSolutionNode = FALSE
	EndGlobalSection
	GlobalSection(ProjectConfigurationPlatforms) = postSolution
		{B260C479-4714-4656-8D24-7E0F16FE74BA}.Debug|Any CPU.ActiveCfg = Debug|Any CPU
		{B260C479-4714-4656-8D24-7E0F16FE74BA}.Debug|Any CPU.Build.0 = Debug|Any CPU
		{B260C479-4714-4656-8D24-7E0F16FE74BA}.Release|Any CPU.ActiveCfg = Release|Any CPU
		{B260C479-4714-4656-8D24-7E0F16FE74BA}.Release|Any CPU.Build.0 = Release|Any CPU
		{C81D9633-2060-4BFA-B3F4-99351B49D570}.Debug|Any CPU.ActiveCfg = Debug|Any CPU
		{C81D9633-2060-4BFA-B3F4-99351B49D570}.Debug|Any CPU.Build.0 = Debug|Any CPU
		{C81D9633-2060-4BFA-B3F4-99351B49D570}.Release|Any CPU.ActiveCfg = Release|Any CPU
		{C81D9633-2060-4BFA-B3F4-99351B49D570}.Release|Any CPU.Build.0 = Release|Any CPU
		{19B3007B-F907-41B4-B926-CEE4EAF32437}.Debug|Any CPU.ActiveCfg = Debug|Any CPU
		{19B3007B-F907-41B4-B926-CEE4EAF32437}.Debug|Any CPU.Build.0 = Debug|Any CPU
		{19B3007B-F907-41B4-B926-CEE4EAF32437}.Release|Any CPU.ActiveCfg = Release|Any CPU
		{19B3007B-F907-41B4-B926-CEE4EAF32437}.Release|Any CPU.Build.0 = Release|Any CPU
		{FE35FE29-BC15-4818-8BA1-C3DFD19624A1}.Debug|Any CPU.ActiveCfg = Debug|Any CPU
		{FE35FE29-BC15-4818-8BA1-C3DFD19624A1}.Debug|Any CPU.Build.0 = Debug|Any CPU
		{FE35FE29-BC15-4818-8BA1-C3DFD19624A1}.Release|Any CPU.ActiveCfg = Release|Any CPU
		{FE35FE29-BC15-4818-8BA1-C3DFD19624A1}.Release|Any CPU.Build.0 = Release|Any CPU
		{BCDF79ED-C68E-49D1-915A-AAD011B5A6C7}.Debug|Any CPU.ActiveCfg = Debug|Any CPU
		{BCDF79ED-C68E-49D1-915A-AAD011B5A6C7}.Debug|Any CPU.Build.0 = Debug|Any CPU
		{BCDF79ED-C68E-49D1-915A-AAD011B5A6C7}.Release|Any CPU.ActiveCfg = Release|Any CPU
		{BCDF79ED-C68E-49D1-915A-AAD011B5A6C7}.Release|Any CPU.Build.0 = Release|Any CPU
	EndGlobalSection
EndGlobal
